
Microsoft Visual Studio Solution File, Format Version 12.00
# Visual Studio Version 17
VisualStudioVersion = 17.4.33122.133
MinimumVisualStudioVersion = 10.0.40219.1
Project("{8BC9CEB8-8B4A-11D0-8D11-00A0C91BC942}") = "structTest", "structTest\structTest.vcxproj", "{29CEFEF2-E3D1-47E2-AA02-6DD02B09A783}"
EndProject
Global
	GlobalSection(SolutionConfigurationPlatforms) = preSolution
		Debug|x64 = Debug|x64
		Debug|x86 = Debug|x86
		Release|x64 = Release|x64
		Release|x86 = Release|x86
	EndGlobalSection
	GlobalSection(ProjectConfigurationPlatforms) = postSolution
		{29CEFEF2-E3D1-47E2-AA02-6DD02B09A783}.Debug|x64.ActiveCfg = Debug|x64
		{29CEFEF2-E3D1-47E2-AA02-6DD02B09A783}.Debug|x64.Build.0 = Debug|x64
		{29CEFEF2-E3D1-47E2-AA02-6DD02B09A783}.Debug|x86.ActiveCfg = Debug|Win32
		{29CEFEF2-E3D1-47E2-AA02-6DD02B09A783}.Debug|x86.Build.0 = Debug|Win32
		{29CEFEF2-E3D1-47E2-AA02-6DD02B09A783}.Release|x64.ActiveCfg = Release|x64
		{29CEFEF2-E3D1-47E2-AA02-6DD02B09A783}.Release|x64.Build.0 = Release|x64
		{29CEFEF2-E3D1-47E2-AA02-6DD02B09A783}.Release|x86.ActiveCfg = Release|Win32
		{29CEFEF2-E3D1-47E2-AA02-6DD02B09A783}.Release|x86.Build.0 = Release|Win32
	EndGlobalSection
	GlobalSection(SolutionProperties) = preSolution
		HideSolutionNode = FALSE
	EndGlobalSection
	GlobalSection(ExtensibilityGlobals) = postSolution
		SolutionGuid = {9456E437-763E-4351-B389-B2F2D7445005}
	EndGlobalSection
EndGlobal
