
Microsoft Visual Studio Solution File, Format Version 12.00
# Visual Studio Version 17
VisualStudioVersion = 17.4.33122.133
MinimumVisualStudioVersion = 10.0.40219.1
Project("{8BC9CEB8-8B4A-11D0-8D11-00A0C91BC942}") = "beatOper", "beatOper\beatOper.vcxproj", "{3645FD8E-1580-4210-86E3-BE88A945BEC5}"
EndProject
Global
	GlobalSection(SolutionConfigurationPlatforms) = preSolution
		Debug|x64 = Debug|x64
		Debug|x86 = Debug|x86
		Release|x64 = Release|x64
		Release|x86 = Release|x86
	EndGlobalSection
	GlobalSection(ProjectConfigurationPlatforms) = postSolution
		{3645FD8E-1580-4210-86E3-BE88A945BEC5}.Debug|x64.ActiveCfg = Debug|x64
		{3645FD8E-1580-4210-86E3-BE88A945BEC5}.Debug|x64.Build.0 = Debug|x64
		{3645FD8E-1580-4210-86E3-BE88A945BEC5}.Debug|x86.ActiveCfg = Debug|Win32
		{3645FD8E-1580-4210-86E3-BE88A945BEC5}.Debug|x86.Build.0 = Debug|Win32
		{3645FD8E-1580-4210-86E3-BE88A945BEC5}.Release|x64.ActiveCfg = Release|x64
		{3645FD8E-1580-4210-86E3-BE88A945BEC5}.Release|x64.Build.0 = Release|x64
		{3645FD8E-1580-4210-86E3-BE88A945BEC5}.Release|x86.ActiveCfg = Release|Win32
		{3645FD8E-1580-4210-86E3-BE88A945BEC5}.Release|x86.Build.0 = Release|Win32
	EndGlobalSection
	GlobalSection(SolutionProperties) = preSolution
		HideSolutionNode = FALSE
	EndGlobalSection
	GlobalSection(ExtensibilityGlobals) = postSolution
		SolutionGuid = {DC14E856-6CD4-49E3-A27F-DFF542240891}
	EndGlobalSection
EndGlobal
